// !$*UTF8*$!
{
	archiveVersion = 1;
	classes = {
	};
	objectVersion = 46;
	objects = {

/* Begin PBXBuildFile section */
		090E22F31F42B6D50072022D /* main.m in Sources */ = {isa = PBXBuildFile; fileRef = 090E22F21F42B6D50072022D /* main.m */; };
		090E22F61F42B6D50072022D /* AppDelegate.m in Sources */ = {isa = PBXBuildFile; fileRef = 090E22F51F42B6D50072022D /* AppDelegate.m */; };
		090E22F91F42B6D50072022D /* ViewController.m in Sources */ = {isa = PBXBuildFile; fileRef = 090E22F81F42B6D50072022D /* ViewController.m */; };
		090E22FC1F42B6D60072022D /* Main.storyboard in Resources */ = {isa = PBXBuildFile; fileRef = 090E22FA1F42B6D60072022D /* Main.storyboard */; };
		090E22FE1F42B6D60072022D /* Assets.xcassets in Resources */ = {isa = PBXBuildFile; fileRef = 090E22FD1F42B6D60072022D /* Assets.xcassets */; };
		090E23011F42B6D60072022D /* LaunchScreen.storyboard in Resources */ = {isa = PBXBuildFile; fileRef = 090E22FF1F42B6D60072022D /* LaunchScreen.storyboard */; };
		090E230C1F42B6D60072022D /* WaterTests.m in Sources */ = {isa = PBXBuildFile; fileRef = 090E230B1F42B6D60072022D /* WaterTests.m */; };
		090E23171F42B6D60072022D /* WaterUITests.m in Sources */ = {isa = PBXBuildFile; fileRef = 090E23161F42B6D60072022D /* WaterUITests.m */; };
/* End PBXBuildFile section */

/* Begin PBXContainerItemProxy section */
		090E23081F42B6D60072022D /* PBXContainerItemProxy */ = {
			isa = PBXContainerItemProxy;
			containerPortal = 090E22E61F42B6D50072022D /* Project object */;
			proxyType = 1;
			remoteGlobalIDString = 090E22ED1F42B6D50072022D;
			remoteInfo = Water;
		};
		090E23131F42B6D60072022D /* PBXContainerItemProxy */ = {
			isa = PBXContainerItemProxy;
			containerPortal = 090E22E61F42B6D50072022D /* Project object */;
			proxyType = 1;
			remoteGlobalIDString = 090E22ED1F42B6D50072022D;
			remoteInfo = Water;
		};
/* End PBXContainerItemProxy section */

/* Begin PBXFileReference section */
		090E22EE1F42B6D50072022D /* Water.app */ = {isa = PBXFileReference; explicitFileType = wrapper.application; includeInIndex = 0; path = Water.app; sourceTree = BUILT_PRODUCTS_DIR; };
		090E22F21F42B6D50072022D /* main.m */ = {isa = PBXFileReference; lastKnownFileType = sourcecode.c.objc; path = main.m; sourceTree = "<group>"; };
		090E22F41F42B6D50072022D /* AppDelegate.h */ = {isa = PBXFileReference; lastKnownFileType = sourcecode.c.h; path = AppDelegate.h; sourceTree = "<group>"; };
		090E22F51F42B6D50072022D /* AppDelegate.m */ = {isa = PBXFileReference; lastKnownFileType = sourcecode.c.objc; path = AppDelegate.m; sourceTree = "<group>"; };
		090E22F71F42B6D50072022D /* ViewController.h */ = {isa = PBXFileReference; lastKnownFileType = sourcecode.c.h; path = ViewController.h; sourceTree = "<group>"; };
		090E22F81F42B6D50072022D /* ViewController.m */ = {isa = PBXFileReference; lastKnownFileType = sourcecode.c.objc; path = ViewController.m; sourceTree = "<group>"; };
		090E22FB1F42B6D60072022D /* Base */ = {isa = PBXFileReference; lastKnownFileType = file.storyboard; name = Base; path = Base.lproj/Main.storyboard; sourceTree = "<group>"; };
		090E22FD1F42B6D60072022D /* Assets.xcassets */ = {isa = PBXFileReference; lastKnownFileType = folder.assetcatalog; path = Assets.xcassets; sourceTree = "<group>"; };
		090E23001F42B6D60072022D /* Base */ = {isa = PBXFileReference; lastKnownFileType = file.storyboard; name = Base; path = Base.lproj/LaunchScreen.storyboard; sourceTree = "<group>"; };
		090E23021F42B6D60072022D /* Info.plist */ = {isa = PBXFileReference; lastKnownFileType = text.plist.xml; path = Info.plist; sourceTree = "<group>"; };
		090E23071F42B6D60072022D /* WaterTests.xctest */ = {isa = PBXFileReference; explicitFileType = wrapper.cfbundle; includeInIndex = 0; path = WaterTests.xctest; sourceTree = BUILT_PRODUCTS_DIR; };
		090E230B1F42B6D60072022D /* WaterTests.m */ = {isa = PBXFileReference; lastKnownFileType = sourcecode.c.objc; path = WaterTests.m; sourceTree = "<group>"; };
		090E230D1F42B6D60072022D /* Info.plist */ = {isa = PBXFileReference; lastKnownFileType = text.plist.xml; path = Info.plist; sourceTree = "<group>"; };
		090E23121F42B6D60072022D /* WaterUITests.xctest */ = {isa = PBXFileReference; explicitFileType = wrapper.cfbundle; includeInIndex = 0; path = WaterUITests.xctest; sourceTree = BUILT_PRODUCTS_DIR; };
		090E23161F42B6D60072022D /* WaterUITests.m */ = {isa = PBXFileReference; lastKnownFileType = sourcecode.c.objc; path = WaterUITests.m; sourceTree = "<group>"; };
		090E23181F42B6D60072022D /* Info.plist */ = {isa = PBXFileReference; lastKnownFileType = text.plist.xml; path = Info.plist; sourceTree = "<group>"; };
/* End PBXFileReference section */

/* Begin PBXFrameworksBuildPhase section */
		090E22EB1F42B6D50072022D /* Frameworks */ = {
			isa = PBXFrameworksBuildPhase;
			buildActionMask = 2147483647;
			files = (
			);
			runOnlyForDeploymentPostprocessing = 0;
		};
		090E23041F42B6D60072022D /* Frameworks */ = {
			isa = PBXFrameworksBuildPhase;
			buildActionMask = 2147483647;
			files = (
			);
			runOnlyForDeploymentPostprocessing = 0;
		};
		090E230F1F42B6D60072022D /* Frameworks */ = {
			isa = PBXFrameworksBuildPhase;
			buildActionMask = 2147483647;
			files = (
			);
			runOnlyForDeploymentPostprocessing = 0;
		};
/* End PBXFrameworksBuildPhase section */

/* Begin PBXGroup section */
		090E22E51F42B6D50072022D = {
			isa = PBXGroup;
			children = (
				090E22F01F42B6D50072022D /* Water */,
				090E230A1F42B6D60072022D /* WaterTests */,
				090E23151F42B6D60072022D /* WaterUITests */,
				090E22EF1F42B6D50072022D /* Products */,
			);
			sourceTree = "<group>";
		};
		090E22EF1F42B6D50072022D /* Products */ = {
			isa = PBXGroup;
			children = (
				090E22EE1F42B6D50072022D /* Water.app */,
				090E23071F42B6D60072022D /* WaterTests.xctest */,
				090E23121F42B6D60072022D /* WaterUITests.xctest */,
			);
			name = Products;
			sourceTree = "<group>";
		};
		090E22F01F42B6D50072022D /* Water */ = {
			isa = PBXGroup;
			children = (
				090E22F41F42B6D50072022D /* AppDelegate.h */,
				090E22F51F42B6D50072022D /* AppDelegate.m */,
				090E22F71F42B6D50072022D /* ViewController.h */,
				090E22F81F42B6D50072022D /* ViewController.m */,
				090E22FA1F42B6D60072022D /* Main.storyboard */,
				090E22FD1F42B6D60072022D /* Assets.xcassets */,
				090E22FF1F42B6D60072022D /* LaunchScreen.storyboard */,
				090E23021F42B6D60072022D /* Info.plist */,
				090E22F11F42B6D50072022D /* Supporting Files */,
			);
			path = Water;
			sourceTree = "<group>";
		};
		090E22F11F42B6D50072022D /* Supporting Files */ = {
			isa = PBXGroup;
			children = (
				090E22F21F42B6D50072022D /* main.m */,
			);
			name = "Supporting Files";
			sourceTree = "<group>";
		};
		090E230A1F42B6D60072022D /* WaterTests */ = {
			isa = PBXGroup;
			children = (
				090E230B1F42B6D60072022D /* WaterTests.m */,
				090E230D1F42B6D60072022D /* Info.plist */,
			);
			path = WaterTests;
			sourceTree = "<group>";
		};
		090E23151F42B6D60072022D /* WaterUITests */ = {
			isa = PBXGroup;
			children = (
				090E23161F42B6D60072022D /* WaterUITests.m */,
				090E23181F42B6D60072022D /* Info.plist */,
			);
			path = WaterUITests;
			sourceTree = "<group>";
		};
/* End PBXGroup section */

/* Begin PBXNativeTarget section */
		090E22ED1F42B6D50072022D /* Water */ = {
			isa = PBXNativeTarget;
			buildConfigurationList = 090E231B1F42B6D60072022D /* Build configuration list for PBXNativeTarget "Water" */;
			buildPhases = (
				090E22EA1F42B6D50072022D /* Sources */,
				090E22EB1F42B6D50072022D /* Frameworks */,
				090E22EC1F42B6D50072022D /* Resources */,
			);
			buildRules = (
			);
			dependencies = (
			);
			name = Water;
			productName = Water;
			productReference = 090E22EE1F42B6D50072022D /* Water.app */;
			productType = "com.apple.product-type.application";
		};
		090E23061F42B6D60072022D /* WaterTests */ = {
			isa = PBXNativeTarget;
			buildConfigurationList = 090E231E1F42B6D60072022D /* Build configuration list for PBXNativeTarget "WaterTests" */;
			buildPhases = (
				090E23031F42B6D60072022D /* Sources */,
				090E23041F42B6D60072022D /* Frameworks */,
				090E23051F42B6D60072022D /* Resources */,
			);
			buildRules = (
			);
			dependencies = (
				090E23091F42B6D60072022D /* PBXTargetDependency */,
			);
			name = WaterTests;
			productName = WaterTests;
			productReference = 090E23071F42B6D60072022D /* WaterTests.xctest */;
			productType = "com.apple.product-type.bundle.unit-test";
		};
		090E23111F42B6D60072022D /* WaterUITests */ = {
			isa = PBXNativeTarget;
			buildConfigurationList = 090E23211F42B6D60072022D /* Build configuration list for PBXNativeTarget "WaterUITests" */;
			buildPhases = (
				090E230E1F42B6D60072022D /* Sources */,
				090E230F1F42B6D60072022D /* Frameworks */,
				090E23101F42B6D60072022D /* Resources */,
			);
			buildRules = (
			);
			dependencies = (
				090E23141F42B6D60072022D /* PBXTargetDependency */,
			);
			name = WaterUITests;
			productName = WaterUITests;
			productReference = 090E23121F42B6D60072022D /* WaterUITests.xctest */;
			productType = "com.apple.product-type.bundle.ui-testing";
		};
/* End PBXNativeTarget section */

/* Begin PBXProject section */
		090E22E61F42B6D50072022D /* Project object */ = {
			isa = PBXProject;
			attributes = {
				LastUpgradeCheck = 0820;
				ORGANIZATIONNAME = iDress;
				TargetAttributes = {
					090E22ED1F42B6D50072022D = {
						CreatedOnToolsVersion = 8.2.1;
						DevelopmentTeam = SXULSRC6Y5;
						ProvisioningStyle = Automatic;
					};
					090E23061F42B6D60072022D = {
						CreatedOnToolsVersion = 8.2.1;
						DevelopmentTeam = SXULSRC6Y5;
						ProvisioningStyle = Automatic;
						TestTargetID = 090E22ED1F42B6D50072022D;
					};
					090E23111F42B6D60072022D = {
						CreatedOnToolsVersion = 8.2.1;
						DevelopmentTeam = SXULSRC6Y5;
						ProvisioningStyle = Automatic;
						TestTargetID = 090E22ED1F42B6D50072022D;
					};
				};
			};
			buildConfigurationList = 090E22E91F42B6D50072022D /* Build configuration list for PBXProject "Water" */;
			compatibilityVersion = "Xcode 3.2";
			developmentRegion = English;
			hasScannedForEncodings = 0;
			knownRegions = (
				en,
				Base,
			);
			mainGroup = 090E22E51F42B6D50072022D;
			productRefGroup = 090E22EF1F42B6D50072022D /* Products */;
			projectDirPath = "";
			projectRoot = "";
			targets = (
				090E22ED1F42B6D50072022D /* Water */,
				090E23061F42B6D60072022D /* WaterTests */,
				090E23111F42B6D60072022D /* WaterUITests */,
			);
		};
/* End PBXProject section */

/* Begin PBXResourcesBuildPhase section */
		090E22EC1F42B6D50072022D /* Resources */ = {
			isa = PBXResourcesBuildPhase;
			buildActionMask = 2147483647;
			files = (
				090E23011F42B6D60072022D /* LaunchScreen.storyboard in Resources */,
				090E22FE1F42B6D60072022D /* Assets.xcassets in Resources */,
				090E22FC1F42B6D60072022D /* Main.storyboard in Resources */,
			);
			runOnlyForDeploymentPostprocessing = 0;
		};
		090E23051F42B6D60072022D /* Resources */ = {
			isa = PBXResourcesBuildPhase;
			buildActionMask = 2147483647;
			files = (
			);
			runOnlyForDeploymentPostprocessing = 0;
		};
		090E23101F42B6D60072022D /* Resources */ = {
			isa = PBXResourcesBuildPhase;
			buildActionMask = 2147483647;
			files = (
			);
			runOnlyForDeploymentPostprocessing = 0;
		};
/* End PBXResourcesBuildPhase section */

/* Begin PBXSourcesBuildPhase section */
		090E22EA1F42B6D50072022D /* Sources */ = {
			isa = PBXSourcesBuildPhase;
			buildActionMask = 2147483647;
			files = (
				090E22F91F42B6D50072022D /* ViewController.m in Sources */,
				090E22F61F42B6D50072022D /* AppDelegate.m in Sources */,
				090E22F31F42B6D50072022D /* main.m in Sources */,
			);
			runOnlyForDeploymentPostprocessing = 0;
		};
		090E23031F42B6D60072022D /* Sources */ = {
			isa = PBXSourcesBuildPhase;
			buildActionMask = 2147483647;
			files = (
				090E230C1F42B6D60072022D /* WaterTests.m in Sources */,
			);
			runOnlyForDeploymentPostprocessing = 0;
		};
		090E230E1F42B6D60072022D /* Sources */ = {
			isa = PBXSourcesBuildPhase;
			buildActionMask = 2147483647;
			files = (
				090E23171F42B6D60072022D /* WaterUITests.m in Sources */,
			);
			runOnlyForDeploymentPostprocessing = 0;
		};
/* End PBXSourcesBuildPhase section */

/* Begin PBXTargetDependency section */
		090E23091F42B6D60072022D /* PBXTargetDependency */ = {
			isa = PBXTargetDependency;
			target = 090E22ED1F42B6D50072022D /* Water */;
			targetProxy = 090E23081F42B6D60072022D /* PBXContainerItemProxy */;
		};
		090E23141F42B6D60072022D /* PBXTargetDependency */ = {
			isa = PBXTargetDependency;
			target = 090E22ED1F42B6D50072022D /* Water */;
			targetProxy = 090E23131F42B6D60072022D /* PBXContainerItemProxy */;
		};
/* End PBXTargetDependency section */

/* Begin PBXVariantGroup section */
		090E22FA1F42B6D60072022D /* Main.storyboard */ = {
			isa = PBXVariantGroup;
			children = (
				090E22FB1F42B6D60072022D /* Base */,
			);
			name = Main.storyboard;
			sourceTree = "<group>";
		};
		090E22FF1F42B6D60072022D /* LaunchScreen.storyboard */ = {
			isa = PBXVariantGroup;
			children = (
				090E23001F42B6D60072022D /* Base */,
			);
			name = LaunchScreen.storyboard;
			sourceTree = "<group>";
		};
/* End PBXVariantGroup section */

/* Begin XCBuildConfiguration section */
		090E23191F42B6D60072022D /* Debug */ = {
			isa = XCBuildConfiguration;
			buildSettings = {
				ALWAYS_SEARCH_USER_PATHS = NO;
				CLANG_ANALYZER_NONNULL = YES;
				CLANG_CXX_LANGUAGE_STANDARD = "gnu++0x";
				CLANG_CXX_LIBRARY = "libc++";
				CLANG_ENABLE_MODULES = YES;
				CLANG_ENABLE_OBJC_ARC = YES;
				CLANG_WARN_BOOL_CONVERSION = YES;
				CLANG_WARN_CONSTANT_CONVERSION = YES;
				CLANG_WARN_DIRECT_OBJC_ISA_USAGE = YES_ERROR;
				CLANG_WARN_DOCUMENTATION_COMMENTS = YES;
				CLANG_WARN_EMPTY_BODY = YES;
				CLANG_WARN_ENUM_CONVERSION = YES;
				CLANG_WARN_INFINITE_RECURSION = YES;
				CLANG_WARN_INT_CONVERSION = YES;
				CLANG_WARN_OBJC_ROOT_CLASS = YES_ERROR;
				CLANG_WARN_SUSPICIOUS_MOVE = YES;
				CLANG_WARN_UNREACHABLE_CODE = YES;
				CLANG_WARN__DUPLICATE_METHOD_MATCH = YES;
				"CODE_SIGN_IDENTITY[sdk=iphoneos*]" = "iPhone Developer";
				COPY_PHASE_STRIP = NO;
				DEBUG_INFORMATION_FORMAT = dwarf;
				ENABLE_STRICT_OBJC_MSGSEND = YES;
				ENABLE_TESTABILITY = YES;
				GCC_C_LANGUAGE_STANDARD = gnu99;
				GCC_DYNAMIC_NO_PIC = NO;
				GCC_NO_COMMON_BLOCKS = YES;
				GCC_OPTIMIZATION_LEVEL = 0;
				GCC_PREPROCESSOR_DEFINITIONS = (
					"DEBUG=1",
					"$(inherited)",
				);
				GCC_WARN_64_TO_32_BIT_CONVERSION = YES;
				GCC_WARN_ABOUT_RETURN_TYPE = YES_ERROR;
				GCC_WARN_UNDECLARED_SELECTOR = YES;
				GCC_WARN_UNINITIALIZED_AUTOS = YES_AGGRESSIVE;
				GCC_WARN_UNUSED_FUNCTION = YES;
				GCC_WARN_UNUSED_VARIABLE = YES;
				IPHONEOS_DEPLOYMENT_TARGET = 10.2;
				MTL_ENABLE_DEBUG_INFO = YES;
				ONLY_ACTIVE_ARCH = YES;
				SDKROOT = iphoneos;
			};
			name = Debug;
		};
		090E231A1F42B6D60072022D /* Release */ = {
			isa = XCBuildConfiguration;
			buildSettings = {
				ALWAYS_SEARCH_USER_PATHS = NO;
				CLANG_ANALYZER_NONNULL = YES;
				CLANG_CXX_LANGUAGE_STANDARD = "gnu++0x";
				CLANG_CXX_LIBRARY = "libc++";
				CLANG_ENABLE_MODULES = YES;
				CLANG_ENABLE_OBJC_ARC = YES;
				CLANG_WARN_BOOL_CONVERSION = YES;
				CLANG_WARN_CONSTANT_CONVERSION = YES;
				CLANG_WARN_DIRECT_OBJC_ISA_USAGE = YES_ERROR;
				CLANG_WARN_DOCUMENTATION_COMMENTS = YES;
				CLANG_WARN_EMPTY_BODY = YES;
				CLANG_WARN_ENUM_CONVERSION = YES;
				CLANG_WARN_INFINITE_RECURSION = YES;
				CLANG_WARN_INT_CONVERSION = YES;
				CLANG_WARN_OBJC_ROOT_CLASS = YES_ERROR;
				CLANG_WARN_SUSPICIOUS_MOVE = YES;
				CLANG_WARN_UNREACHABLE_CODE = YES;
				CLANG_WARN__DUPLICATE_METHOD_MATCH = YES;
				"CODE_SIGN_IDENTITY[sdk=iphoneos*]" = "iPhone Developer";
				COPY_PHASE_STRIP = NO;
				DEBUG_INFORMATION_FORMAT = "dwarf-with-dsym";
				ENABLE_NS_ASSERTIONS = NO;
				ENABLE_STRICT_OBJC_MSGSEND = YES;
				GCC_C_LANGUAGE_STANDARD = gnu99;
				GCC_NO_COMMON_BLOCKS = YES;
				GCC_WARN_64_TO_32_BIT_CONVERSION = YES;
				GCC_WARN_ABOUT_RETURN_TYPE = YES_ERROR;
				GCC_WARN_UNDECLARED_SELECTOR = YES;
				GCC_WARN_UNINITIALIZED_AUTOS = YES_AGGRESSIVE;
				GCC_WARN_UNUSED_FUNCTION = YES;
				GCC_WARN_UNUSED_VARIABLE = YES;
				IPHONEOS_DEPLOYMENT_TARGET = 10.2;
				MTL_ENABLE_DEBUG_INFO = NO;
				SDKROOT = iphoneos;
				VALIDATE_PRODUCT = YES;
			};
			name = Release;
		};
		090E231C1F42B6D60072022D /* Debug */ = {
			isa = XCBuildConfiguration;
			buildSettings = {
				ASSETCATALOG_COMPILER_APPICON_NAME = AppIcon;
				DEVELOPMENT_TEAM = SXULSRC6Y5;
				INFOPLIST_FILE = Water/Info.plist;
				LD_RUNPATH_SEARCH_PATHS = "$(inherited) @executable_path/Frameworks";
				PRODUCT_BUNDLE_IDENTIFIER = com.idresschina.Water;
				PRODUCT_NAME = "$(TARGET_NAME)";
			};
			name = Debug;
		};
		090E231D1F42B6D60072022D /* Release */ = {
			isa = XCBuildConfiguration;
			buildSettings = {
				ASSETCATALOG_COMPILER_APPICON_NAME = AppIcon;
				DEVELOPMENT_TEAM = SXULSRC6Y5;
				INFOPLIST_FILE = Water/Info.plist;
				LD_RUNPATH_SEARCH_PATHS = "$(inherited) @executable_path/Frameworks";
				PRODUCT_BUNDLE_IDENTIFIER = com.idresschina.Water;
				PRODUCT_NAME = "$(TARGET_NAME)";
			};
			name = Release;
		};
		090E231F1F42B6D60072022D /* Debug */ = {
			isa = XCBuildConfiguration;
			buildSettings = {
				BUNDLE_LOADER = "$(TEST_HOST)";
				DEVELOPMENT_TEAM = SXULSRC6Y5;
				INFOPLIST_FILE = WaterTests/Info.plist;
				LD_RUNPATH_SEARCH_PATHS = "$(inherited) @executable_path/Frameworks @loader_path/Frameworks";
				PRODUCT_BUNDLE_IDENTIFIER = com.idresschina.WaterTests;
				PRODUCT_NAME = "$(TARGET_NAME)";
				TEST_HOST = "$(BUILT_PRODUCTS_DIR)/Water.app/Water";
			};
			name = Debug;
		};
		090E23201F42B6D60072022D /* Release */ = {
			isa = XCBuildConfiguration;
			buildSettings = {
				BUNDLE_LOADER = "$(TEST_HOST)";
				DEVELOPMENT_TEAM = SXULSRC6Y5;
				INFOPLIST_FILE = WaterTests/Info.plist;
				LD_RUNPATH_SEARCH_PATHS = "$(inherited) @executable_path/Frameworks @loader_path/Frameworks";
				PRODUCT_BUNDLE_IDENTIFIER = com.idresschina.WaterTests;
				PRODUCT_NAME = "$(TARGET_NAME)";
				TEST_HOST = "$(BUILT_PRODUCTS_DIR)/Water.app/Water";
			};
			name = Release;
		};
		090E23221F42B6D60072022D /* Debug */ = {
			isa = XCBuildConfiguration;
			buildSettings = {
				DEVELOPMENT_TEAM = SXULSRC6Y5;
				INFOPLIST_FILE = WaterUITests/Info.plist;
				LD_RUNPATH_SEARCH_PATHS = "$(inherited) @executable_path/Frameworks @loader_path/Frameworks";
				PRODUCT_BUNDLE_IDENTIFIER = com.idresschina.WaterUITests;
				PRODUCT_NAME = "$(TARGET_NAME)";
				TEST_TARGET_NAME = Water;
			};
			name = Debug;
		};
		090E23231F42B6D60072022D /* Release */ = {
			isa = XCBuildConfiguration;
			buildSettings = {
				DEVELOPMENT_TEAM = SXULSRC6Y5;
				INFOPLIST_FILE = WaterUITests/Info.plist;
				LD_RUNPATH_SEARCH_PATHS = "$(inherited) @executable_path/Frameworks @loader_path/Frameworks";
				PRODUCT_BUNDLE_IDENTIFIER = com.idresschina.WaterUITests;
				PRODUCT_NAME = "$(TARGET_NAME)";
				TEST_TARGET_NAME = Water;
			};
			name = Release;
		};
/* End XCBuildConfiguration section */

/* Begin XCConfigurationList section */
		090E22E91F42B6D50072022D /* Build configuration list for PBXProject "Water" */ = {
			isa = XCConfigurationList;
			buildConfigurations = (
				090E23191F42B6D60072022D /* Debug */,
				090E231A1F42B6D60072022D /* Release */,
			);
			defaultConfigurationIsVisible = 0;
			defaultConfigurationName = Release;
		};
		090E231B1F42B6D60072022D /* Build configuration list for PBXNativeTarget "Water" */ = {
			isa = XCConfigurationList;
			buildConfigurations = (
				090E231C1F42B6D60072022D /* Debug */,
				090E231D1F42B6D60072022D /* Release */,
			);
			defaultConfigurationIsVisible = 0;
		};
		090E231E1F42B6D60072022D /* Build configuration list for PBXNativeTarget "WaterTests" */ = {
			isa = XCConfigurationList;
			buildConfigurations = (
				090E231F1F42B6D60072022D /* Debug */,
				090E23201F42B6D60072022D /* Release */,
			);
			defaultConfigurationIsVisible = 0;
		};
		090E23211F42B6D60072022D /* Build configuration list for PBXNativeTarget "WaterUITests" */ = {
			isa = XCConfigurationList;
			buildConfigurations = (
				090E23221F42B6D60072022D /* Debug */,
				090E23231F42B6D60072022D /* Release */,
			);
			defaultConfigurationIsVisible = 0;
		};
/* End XCConfigurationList section */
	};
	rootObject = 090E22E61F42B6D50072022D /* Project object */;
}
